// !$*UTF8*$!
{
	archiveVersion = 1;
	classes = {
	};
	objectVersion = 55;
	objects = {

/* Begin PBXBuildFile section */
		BCBB69AA2796E79A0096E0A1 /* JenkinsApp.swift in Sources */ = {isa = PBXBuildFile; fileRef = BCBB69A92796E79A0096E0A1 /* JenkinsApp.swift */; };
		BCBB69AC2796E79A0096E0A1 /* ContentView.swift in Sources */ = {isa = PBXBuildFile; fileRef = BCBB69AB2796E79A0096E0A1 /* ContentView.swift */; };
		BCBB69AE2796E79C0096E0A1 /* Assets.xcassets in Resources */ = {isa = PBXBuildFile; fileRef = BCBB69AD2796E79C0096E0A1 /* Assets.xcassets */; };
		BCBB69B12796E79C0096E0A1 /* Preview Assets.xcassets in Resources */ = {isa = PBXBuildFile; fileRef = BCBB69B02796E79C0096E0A1 /* Preview Assets.xcassets */; };
		BCBB69BB2796E79C0096E0A1 /* JenkinsTests.swift in Sources */ = {isa = PBXBuildFile; fileRef = BCBB69BA2796E79C0096E0A1 /* JenkinsTests.swift */; };
		BCBB69C52796E79C0096E0A1 /* JenkinsUITests.swift in Sources */ = {isa = PBXBuildFile; fileRef = BCBB69C42796E79C0096E0A1 /* JenkinsUITests.swift */; };
		BCBB69C72796E79C0096E0A1 /* JenkinsUITestsLaunchTests.swift in Sources */ = {isa = PBXBuildFile; fileRef = BCBB69C62796E79C0096E0A1 /* JenkinsUITestsLaunchTests.swift */; };
/* End PBXBuildFile section */

/* Begin PBXContainerItemProxy section */
		BCBB69B72796E79C0096E0A1 /* PBXContainerItemProxy */ = {
			isa = PBXContainerItemProxy;
			containerPortal = BCBB699E2796E79A0096E0A1 /* Project object */;
			proxyType = 1;
			remoteGlobalIDString = BCBB69A52796E79A0096E0A1;
			remoteInfo = Jenkins;
		};
		BCBB69C12796E79C0096E0A1 /* PBXContainerItemProxy */ = {
			isa = PBXContainerItemProxy;
			containerPortal = BCBB699E2796E79A0096E0A1 /* Project object */;
			proxyType = 1;
			remoteGlobalIDString = BCBB69A52796E79A0096E0A1;
			remoteInfo = Jenkins;
		};
/* End PBXContainerItemProxy section */

/* Begin PBXFileReference section */
		BCBB69A62796E79A0096E0A1 /* Jenkins.app */ = {isa = PBXFileReference; explicitFileType = wrapper.application; includeInIndex = 0; path = Jenkins.app; sourceTree = BUILT_PRODUCTS_DIR; };
		BCBB69A92796E79A0096E0A1 /* JenkinsApp.swift */ = {isa = PBXFileReference; lastKnownFileType = sourcecode.swift; path = JenkinsApp.swift; sourceTree = "<group>"; };
		BCBB69AB2796E79A0096E0A1 /* ContentView.swift */ = {isa = PBXFileReference; lastKnownFileType = sourcecode.swift; path = ContentView.swift; sourceTree = "<group>"; };
		BCBB69AD2796E79C0096E0A1 /* Assets.xcassets */ = {isa = PBXFileReference; lastKnownFileType = folder.assetcatalog; path = Assets.xcassets; sourceTree = "<group>"; };
		BCBB69B02796E79C0096E0A1 /* Preview Assets.xcassets */ = {isa = PBXFileReference; lastKnownFileType = folder.assetcatalog; path = "Preview Assets.xcassets"; sourceTree = "<group>"; };
		BCBB69B62796E79C0096E0A1 /* JenkinsTests.xctest */ = {isa = PBXFileReference; explicitFileType = wrapper.cfbundle; includeInIndex = 0; path = JenkinsTests.xctest; sourceTree = BUILT_PRODUCTS_DIR; };
		BCBB69BA2796E79C0096E0A1 /* JenkinsTests.swift */ = {isa = PBXFileReference; lastKnownFileType = sourcecode.swift; path = JenkinsTests.swift; sourceTree = "<group>"; };
		BCBB69C02796E79C0096E0A1 /* JenkinsUITests.xctest */ = {isa = PBXFileReference; explicitFileType = wrapper.cfbundle; includeInIndex = 0; path = JenkinsUITests.xctest; sourceTree = BUILT_PRODUCTS_DIR; };
		BCBB69C42796E79C0096E0A1 /* JenkinsUITests.swift */ = {isa = PBXFileReference; lastKnownFileType = sourcecode.swift; path = JenkinsUITests.swift; sourceTree = "<group>"; };
		BCBB69C62796E79C0096E0A1 /* JenkinsUITestsLaunchTests.swift */ = {isa = PBXFileReference; lastKnownFileType = sourcecode.swift; path = JenkinsUITestsLaunchTests.swift; sourceTree = "<group>"; };
/* End PBXFileReference section */

/* Begin PBXFrameworksBuildPhase section */
		BCBB69A32796E79A0096E0A1 /* Frameworks */ = {
			isa = PBXFrameworksBuildPhase;
			buildActionMask = 2147483647;
			files = (
			);
			runOnlyForDeploymentPostprocessing = 0;
		};
		BCBB69B32796E79C0096E0A1 /* Frameworks */ = {
			isa = PBXFrameworksBuildPhase;
			buildActionMask = 2147483647;
			files = (
			);
			runOnlyForDeploymentPostprocessing = 0;
		};
		BCBB69BD2796E79C0096E0A1 /* Frameworks */ = {
			isa = PBXFrameworksBuildPhase;
			buildActionMask = 2147483647;
			files = (
			);
			runOnlyForDeploymentPostprocessing = 0;
		};
/* End PBXFrameworksBuildPhase section */

/* Begin PBXGroup section */
		BCBB699D2796E7990096E0A1 = {
			isa = PBXGroup;
			children = (
				BCBB69A82796E79A0096E0A1 /* Jenkins */,
				BCBB69B92796E79C0096E0A1 /* JenkinsTests */,
				BCBB69C32796E79C0096E0A1 /* JenkinsUITests */,
				BCBB69A72796E79A0096E0A1 /* Products */,
			);
			sourceTree = "<group>";
		};
		BCBB69A72796E79A0096E0A1 /* Products */ = {
			isa = PBXGroup;
			children = (
				BCBB69A62796E79A0096E0A1 /* Jenkins.app */,
				BCBB69B62796E79C0096E0A1 /* JenkinsTests.xctest */,
				BCBB69C02796E79C0096E0A1 /* JenkinsUITests.xctest */,
			);
			name = Products;
			sourceTree = "<group>";
		};
		BCBB69A82796E79A0096E0A1 /* Jenkins */ = {
			isa = PBXGroup;
			children = (
				BCBB69A92796E79A0096E0A1 /* JenkinsApp.swift */,
				BCBB69AB2796E79A0096E0A1 /* ContentView.swift */,
				BCBB69AD2796E79C0096E0A1 /* Assets.xcassets */,
				BCBB69AF2796E79C0096E0A1 /* Preview Content */,
			);
			path = Jenkins;
			sourceTree = "<group>";
		};
		BCBB69AF2796E79C0096E0A1 /* Preview Content */ = {
			isa = PBXGroup;
			children = (
				BCBB69B02796E79C0096E0A1 /* Preview Assets.xcassets */,
			);
			path = "Preview Content";
			sourceTree = "<group>";
		};
		BCBB69B92796E79C0096E0A1 /* JenkinsTests */ = {
			isa = PBXGroup;
			children = (
				BCBB69BA2796E79C0096E0A1 /* JenkinsTests.swift */,
			);
			path = JenkinsTests;
			sourceTree = "<group>";
		};
		BCBB69C32796E79C0096E0A1 /* JenkinsUITests */ = {
			isa = PBXGroup;
			children = (
				BCBB69C42796E79C0096E0A1 /* JenkinsUITests.swift */,
				BCBB69C62796E79C0096E0A1 /* JenkinsUITestsLaunchTests.swift */,
			);
			path = JenkinsUITests;
			sourceTree = "<group>";
		};
/* End PBXGroup section */

/* Begin PBXNativeTarget section */
		BCBB69A52796E79A0096E0A1 /* Jenkins */ = {
			isa = PBXNativeTarget;
			buildConfigurationList = BCBB69CA2796E79C0096E0A1 /* Build configuration list for PBXNativeTarget "Jenkins" */;
			buildPhases = (
				BCBB69A22796E79A0096E0A1 /* Sources */,
				BCBB69A32796E79A0096E0A1 /* Frameworks */,
				BCBB69A42796E79A0096E0A1 /* Resources */,
			);
			buildRules = (
			);
			dependencies = (
			);
			name = Jenkins;
			productName = Jenkins;
			productReference = BCBB69A62796E79A0096E0A1 /* Jenkins.app */;
			productType = "com.apple.product-type.application";
		};
		BCBB69B52796E79C0096E0A1 /* JenkinsTests */ = {
			isa = PBXNativeTarget;
			buildConfigurationList = BCBB69CD2796E79C0096E0A1 /* Build configuration list for PBXNativeTarget "JenkinsTests" */;
			buildPhases = (
				BCBB69B22796E79C0096E0A1 /* Sources */,
				BCBB69B32796E79C0096E0A1 /* Frameworks */,
				BCBB69B42796E79C0096E0A1 /* Resources */,
			);
			buildRules = (
			);
			dependencies = (
				BCBB69B82796E79C0096E0A1 /* PBXTargetDependency */,
			);
			name = JenkinsTests;
			productName = JenkinsTests;
			productReference = BCBB69B62796E79C0096E0A1 /* JenkinsTests.xctest */;
			productType = "com.apple.product-type.bundle.unit-test";
		};
		BCBB69BF2796E79C0096E0A1 /* JenkinsUITests */ = {
			isa = PBXNativeTarget;
			buildConfigurationList = BCBB69D02796E79C0096E0A1 /* Build configuration list for PBXNativeTarget "JenkinsUITests" */;
			buildPhases = (
				BCBB69BC2796E79C0096E0A1 /* Sources */,
				BCBB69BD2796E79C0096E0A1 /* Frameworks */,
				BCBB69BE2796E79C0096E0A1 /* Resources */,
			);
			buildRules = (
			);
			dependencies = (
				BCBB69C22796E79C0096E0A1 /* PBXTargetDependency */,
			);
			name = JenkinsUITests;
			productName = JenkinsUITests;
			productReference = BCBB69C02796E79C0096E0A1 /* JenkinsUITests.xctest */;
			productType = "com.apple.product-type.bundle.ui-testing";
		};
/* End PBXNativeTarget section */

/* Begin PBXProject section */
		BCBB699E2796E79A0096E0A1 /* Project object */ = {
			isa = PBXProject;
			attributes = {
				BuildIndependentTargetsInParallel = 1;
				LastSwiftUpdateCheck = 1320;
				LastUpgradeCheck = 1320;
				TargetAttributes = {
					BCBB69A52796E79A0096E0A1 = {
						CreatedOnToolsVersion = 13.2.1;
					};
					BCBB69B52796E79C0096E0A1 = {
						CreatedOnToolsVersion = 13.2.1;
						TestTargetID = BCBB69A52796E79A0096E0A1;
					};
					BCBB69BF2796E79C0096E0A1 = {
						CreatedOnToolsVersion = 13.2.1;
						TestTargetID = BCBB69A52796E79A0096E0A1;
					};
				};
			};
			buildConfigurationList = BCBB69A12796E79A0096E0A1 /* Build configuration list for PBXProject "Jenkins" */;
			compatibilityVersion = "Xcode 13.0";
			developmentRegion = en;
			hasScannedForEncodings = 0;
			knownRegions = (
				en,
				Base,
			);
			mainGroup = BCBB699D2796E7990096E0A1;
			productRefGroup = BCBB69A72796E79A0096E0A1 /* Products */;
			projectDirPath = "";
			projectRoot = "";
			targets = (
				BCBB69A52796E79A0096E0A1 /* Jenkins */,
				BCBB69B52796E79C0096E0A1 /* JenkinsTests */,
				BCBB69BF2796E79C0096E0A1 /* JenkinsUITests */,
			);
		};
/* End PBXProject section */

/* Begin PBXResourcesBuildPhase section */
		BCBB69A42796E79A0096E0A1 /* Resources */ = {
			isa = PBXResourcesBuildPhase;
			buildActionMask = 2147483647;
			files = (
				BCBB69B12796E79C0096E0A1 /* Preview Assets.xcassets in Resources */,
				BCBB69AE2796E79C0096E0A1 /* Assets.xcassets in Resources */,
			);
			runOnlyForDeploymentPostprocessing = 0;
		};
		BCBB69B42796E79C0096E0A1 /* Resources */ = {
			isa = PBXResourcesBuildPhase;
			buildActionMask = 2147483647;
			files = (
			);
			runOnlyForDeploymentPostprocessing = 0;
		};
		BCBB69BE2796E79C0096E0A1 /* Resources */ = {
			isa = PBXResourcesBuildPhase;
			buildActionMask = 2147483647;
			files = (
			);
			runOnlyForDeploymentPostprocessing = 0;
		};
/* End PBXResourcesBuildPhase section */

/* Begin PBXSourcesBuildPhase section */
		BCBB69A22796E79A0096E0A1 /* Sources */ = {
			isa = PBXSourcesBuildPhase;
			buildActionMask = 2147483647;
			files = (
				BCBB69AC2796E79A0096E0A1 /* ContentView.swift in Sources */,
				BCBB69AA2796E79A0096E0A1 /* JenkinsApp.swift in Sources */,
			);
			runOnlyForDeploymentPostprocessing = 0;
		};
		BCBB69B22796E79C0096E0A1 /* Sources */ = {
			isa = PBXSourcesBuildPhase;
			buildActionMask = 2147483647;
			files = (
				BCBB69BB2796E79C0096E0A1 /* JenkinsTests.swift in Sources */,
			);
			runOnlyForDeploymentPostprocessing = 0;
		};
		BCBB69BC2796E79C0096E0A1 /* Sources */ = {
			isa = PBXSourcesBuildPhase;
			buildActionMask = 2147483647;
			files = (
				BCBB69C52796E79C0096E0A1 /* JenkinsUITests.swift in Sources */,
				BCBB69C72796E79C0096E0A1 /* JenkinsUITestsLaunchTests.swift in Sources */,
			);
			runOnlyForDeploymentPostprocessing = 0;
		};
/* End PBXSourcesBuildPhase section */

/* Begin PBXTargetDependency section */
		BCBB69B82796E79C0096E0A1 /* PBXTargetDependency */ = {
			isa = PBXTargetDependency;
			target = BCBB69A52796E79A0096E0A1 /* Jenkins */;
			targetProxy = BCBB69B72796E79C0096E0A1 /* PBXContainerItemProxy */;
		};
		BCBB69C22796E79C0096E0A1 /* PBXTargetDependency */ = {
			isa = PBXTargetDependency;
			target = BCBB69A52796E79A0096E0A1 /* Jenkins */;
			targetProxy = BCBB69C12796E79C0096E0A1 /* PBXContainerItemProxy */;
		};
/* End PBXTargetDependency section */

/* Begin XCBuildConfiguration section */
		BCBB69C82796E79C0096E0A1 /* Debug */ = {
			isa = XCBuildConfiguration;
			buildSettings = {
				ALWAYS_SEARCH_USER_PATHS = NO;
				CLANG_ANALYZER_NONNULL = YES;
				CLANG_ANALYZER_NUMBER_OBJECT_CONVERSION = YES_AGGRESSIVE;
				CLANG_CXX_LANGUAGE_STANDARD = "gnu++17";
				CLANG_CXX_LIBRARY = "libc++";
				CLANG_ENABLE_MODULES = YES;
				CLANG_ENABLE_OBJC_ARC = YES;
				CLANG_ENABLE_OBJC_WEAK = YES;
				CLANG_WARN_BLOCK_CAPTURE_AUTORELEASING = YES;
				CLANG_WARN_BOOL_CONVERSION = YES;
				CLANG_WARN_COMMA = YES;
				CLANG_WARN_CONSTANT_CONVERSION = YES;
				CLANG_WARN_DEPRECATED_OBJC_IMPLEMENTATIONS = YES;
				CLANG_WARN_DIRECT_OBJC_ISA_USAGE = YES_ERROR;
				CLANG_WARN_DOCUMENTATION_COMMENTS = YES;
				CLANG_WARN_EMPTY_BODY = YES;
				CLANG_WARN_ENUM_CONVERSION = YES;
				CLANG_WARN_INFINITE_RECURSION = YES;
				CLANG_WARN_INT_CONVERSION = YES;
				CLANG_WARN_NON_LITERAL_NULL_CONVERSION = YES;
				CLANG_WARN_OBJC_IMPLICIT_RETAIN_SELF = YES;
				CLANG_WARN_OBJC_LITERAL_CONVERSION = YES;
				CLANG_WARN_OBJC_ROOT_CLASS = YES_ERROR;
				CLANG_WARN_QUOTED_INCLUDE_IN_FRAMEWORK_HEADER = YES;
				CLANG_WARN_RANGE_LOOP_ANALYSIS = YES;
				CLANG_WARN_STRICT_PROTOTYPES = YES;
				CLANG_WARN_SUSPICIOUS_MOVE = YES;
				CLANG_WARN_UNGUARDED_AVAILABILITY = YES_AGGRESSIVE;
				CLANG_WARN_UNREACHABLE_CODE = YES;
				CLANG_WARN__DUPLICATE_METHOD_MATCH = YES;
				COPY_PHASE_STRIP = NO;
				DEBUG_INFORMATION_FORMAT = dwarf;
				ENABLE_STRICT_OBJC_MSGSEND = YES;
				ENABLE_TESTABILITY = YES;
				GCC_C_LANGUAGE_STANDARD = gnu11;
				GCC_DYNAMIC_NO_PIC = NO;
				GCC_NO_COMMON_BLOCKS = YES;
				GCC_OPTIMIZATION_LEVEL = 0;
				GCC_PREPROCESSOR_DEFINITIONS = (
					"DEBUG=1",
					"$(inherited)",
				);
				GCC_WARN_64_TO_32_BIT_CONVERSION = YES;
				GCC_WARN_ABOUT_RETURN_TYPE = YES_ERROR;
				GCC_WARN_UNDECLARED_SELECTOR = YES;
				GCC_WARN_UNINITIALIZED_AUTOS = YES_AGGRESSIVE;
				GCC_WARN_UNUSED_FUNCTION = YES;
				GCC_WARN_UNUSED_VARIABLE = YES;
				IPHONEOS_DEPLOYMENT_TARGET = 15.2;
				MTL_ENABLE_DEBUG_INFO = INCLUDE_SOURCE;
				MTL_FAST_MATH = YES;
				ONLY_ACTIVE_ARCH = YES;
				SDKROOT = iphoneos;
				SWIFT_ACTIVE_COMPILATION_CONDITIONS = DEBUG;
				SWIFT_OPTIMIZATION_LEVEL = "-Onone";
			};
			name = Debug;
		};
		BCBB69C92796E79C0096E0A1 /* Release */ = {
			isa = XCBuildConfiguration;
			buildSettings = {
				ALWAYS_SEARCH_USER_PATHS = NO;
				CLANG_ANALYZER_NONNULL = YES;
				CLANG_ANALYZER_NUMBER_OBJECT_CONVERSION = YES_AGGRESSIVE;
				CLANG_CXX_LANGUAGE_STANDARD = "gnu++17";
				CLANG_CXX_LIBRARY = "libc++";
				CLANG_ENABLE_MODULES = YES;
				CLANG_ENABLE_OBJC_ARC = YES;
				CLANG_ENABLE_OBJC_WEAK = YES;
				CLANG_WARN_BLOCK_CAPTURE_AUTORELEASING = YES;
				CLANG_WARN_BOOL_CONVERSION = YES;
				CLANG_WARN_COMMA = YES;
				CLANG_WARN_CONSTANT_CONVERSION = YES;
				CLANG_WARN_DEPRECATED_OBJC_IMPLEMENTATIONS = YES;
				CLANG_WARN_DIRECT_OBJC_ISA_USAGE = YES_ERROR;
				CLANG_WARN_DOCUMENTATION_COMMENTS = YES;
				CLANG_WARN_EMPTY_BODY = YES;
				CLANG_WARN_ENUM_CONVERSION = YES;
				CLANG_WARN_INFINITE_RECURSION = YES;
				CLANG_WARN_INT_CONVERSION = YES;
				CLANG_WARN_NON_LITERAL_NULL_CONVERSION = YES;
				CLANG_WARN_OBJC_IMPLICIT_RETAIN_SELF = YES;
				CLANG_WARN_OBJC_LITERAL_CONVERSION = YES;
				CLANG_WARN_OBJC_ROOT_CLASS = YES_ERROR;
				CLANG_WARN_QUOTED_INCLUDE_IN_FRAMEWORK_HEADER = YES;
				CLANG_WARN_RANGE_LOOP_ANALYSIS = YES;
				CLANG_WARN_STRICT_PROTOTYPES = YES;
				CLANG_WARN_SUSPICIOUS_MOVE = YES;
				CLANG_WARN_UNGUARDED_AVAILABILITY = YES_AGGRESSIVE;
				CLANG_WARN_UNREACHABLE_CODE = YES;
				CLANG_WARN__DUPLICATE_METHOD_MATCH = YES;
				COPY_PHASE_STRIP = NO;
				DEBUG_INFORMATION_FORMAT = "dwarf-with-dsym";
				ENABLE_NS_ASSERTIONS = NO;
				ENABLE_STRICT_OBJC_MSGSEND = YES;
				GCC_C_LANGUAGE_STANDARD = gnu11;
				GCC_NO_COMMON_BLOCKS = YES;
				GCC_WARN_64_TO_32_BIT_CONVERSION = YES;
				GCC_WARN_ABOUT_RETURN_TYPE = YES_ERROR;
				GCC_WARN_UNDECLARED_SELECTOR = YES;
				GCC_WARN_UNINITIALIZED_AUTOS = YES_AGGRESSIVE;
				GCC_WARN_UNUSED_FUNCTION = YES;
				GCC_WARN_UNUSED_VARIABLE = YES;
				IPHONEOS_DEPLOYMENT_TARGET = 15.2;
				MTL_ENABLE_DEBUG_INFO = NO;
				MTL_FAST_MATH = YES;
				SDKROOT = iphoneos;
				SWIFT_COMPILATION_MODE = wholemodule;
				SWIFT_OPTIMIZATION_LEVEL = "-O";
				VALIDATE_PRODUCT = YES;
			};
			name = Release;
		};
		BCBB69CB2796E79C0096E0A1 /* Debug */ = {
			isa = XCBuildConfiguration;
			buildSettings = {
				ASSETCATALOG_COMPILER_APPICON_NAME = AppIcon;
				ASSETCATALOG_COMPILER_GLOBAL_ACCENT_COLOR_NAME = AccentColor;
				CODE_SIGN_STYLE = Automatic;
				CURRENT_PROJECT_VERSION = 1;
				DEVELOPMENT_ASSET_PATHS = "\"Jenkins/Preview Content\"";
				DEVELOPMENT_TEAM = N9LG8KMYS2;
				ENABLE_PREVIEWS = YES;
				GENERATE_INFOPLIST_FILE = YES;
				INFOPLIST_KEY_UIApplicationSceneManifest_Generation = YES;
				INFOPLIST_KEY_UIApplicationSupportsIndirectInputEvents = YES;
				INFOPLIST_KEY_UILaunchScreen_Generation = YES;
				INFOPLIST_KEY_UISupportedInterfaceOrientations_iPad = "UIInterfaceOrientationPortrait UIInterfaceOrientationPortraitUpsideDown UIInterfaceOrientationLandscapeLeft UIInterfaceOrientationLandscapeRight";
				INFOPLIST_KEY_UISupportedInterfaceOrientations_iPhone = "UIInterfaceOrientationPortrait UIInterfaceOrientationLandscapeLeft UIInterfaceOrientationLandscapeRight";
				LD_RUNPATH_SEARCH_PATHS = (
					"$(inherited)",
					"@executable_path/Frameworks",
				);
				MARKETING_VERSION = 1.0;
				PRODUCT_BUNDLE_IDENTIFIER = medievil.inc.Jenkins;
				PRODUCT_NAME = "$(TARGET_NAME)";
				SWIFT_EMIT_LOC_STRINGS = YES;
				SWIFT_VERSION = 5.0;
				TARGETED_DEVICE_FAMILY = "1,2";
			};
			name = Debug;
		};
		BCBB69CC2796E79C0096E0A1 /* Release */ = {
			isa = XCBuildConfiguration;
			buildSettings = {
				ASSETCATALOG_COMPILER_APPICON_NAME = AppIcon;
				ASSETCATALOG_COMPILER_GLOBAL_ACCENT_COLOR_NAME = AccentColor;
				CODE_SIGN_STYLE = Automatic;
				CURRENT_PROJECT_VERSION = 1;
				DEVELOPMENT_ASSET_PATHS = "\"Jenkins/Preview Content\"";
				DEVELOPMENT_TEAM = N9LG8KMYS2;
				ENABLE_PREVIEWS = YES;
				GENERATE_INFOPLIST_FILE = YES;
				INFOPLIST_KEY_UIApplicationSceneManifest_Generation = YES;
				INFOPLIST_KEY_UIApplicationSupportsIndirectInputEvents = YES;
				INFOPLIST_KEY_UILaunchScreen_Generation = YES;
				INFOPLIST_KEY_UISupportedInterfaceOrientations_iPad = "UIInterfaceOrientationPortrait UIInterfaceOrientationPortraitUpsideDown UIInterfaceOrientationLandscapeLeft UIInterfaceOrientationLandscapeRight";
				INFOPLIST_KEY_UISupportedInterfaceOrientations_iPhone = "UIInterfaceOrientationPortrait UIInterfaceOrientationLandscapeLeft UIInterfaceOrientationLandscapeRight";
				LD_RUNPATH_SEARCH_PATHS = (
					"$(inherited)",
					"@executable_path/Frameworks",
				);
				MARKETING_VERSION = 1.0;
				PRODUCT_BUNDLE_IDENTIFIER = medievil.inc.Jenkins;
				PRODUCT_NAME = "$(TARGET_NAME)";
				SWIFT_EMIT_LOC_STRINGS = YES;
				SWIFT_VERSION = 5.0;
				TARGETED_DEVICE_FAMILY = "1,2";
			};
			name = Release;
		};
		BCBB69CE2796E79C0096E0A1 /* Debug */ = {
			isa = XCBuildConfiguration;
			buildSettings = {
				ALWAYS_EMBED_SWIFT_STANDARD_LIBRARIES = YES;
				BUNDLE_LOADER = "$(TEST_HOST)";
				CODE_SIGN_STYLE = Automatic;
				CURRENT_PROJECT_VERSION = 1;
				DEVELOPMENT_TEAM = N9LG8KMYS2;
				GENERATE_INFOPLIST_FILE = YES;
				IPHONEOS_DEPLOYMENT_TARGET = 15.2;
				MARKETING_VERSION = 1.0;
				PRODUCT_BUNDLE_IDENTIFIER = medievil.inc.JenkinsTests;
				PRODUCT_NAME = "$(TARGET_NAME)";
				SWIFT_EMIT_LOC_STRINGS = NO;
				SWIFT_VERSION = 5.0;
				TARGETED_DEVICE_FAMILY = "1,2";
				TEST_HOST = "$(BUILT_PRODUCTS_DIR)/Jenkins.app/Jenkins";
			};
			name = Debug;
		};
		BCBB69CF2796E79C0096E0A1 /* Release */ = {
			isa = XCBuildConfiguration;
			buildSettings = {
				ALWAYS_EMBED_SWIFT_STANDARD_LIBRARIES = YES;
				BUNDLE_LOADER = "$(TEST_HOST)";
				CODE_SIGN_STYLE = Automatic;
				CURRENT_PROJECT_VERSION = 1;
				DEVELOPMENT_TEAM = N9LG8KMYS2;
				GENERATE_INFOPLIST_FILE = YES;
				IPHONEOS_DEPLOYMENT_TARGET = 15.2;
				MARKETING_VERSION = 1.0;
				PRODUCT_BUNDLE_IDENTIFIER = medievil.inc.JenkinsTests;
				PRODUCT_NAME = "$(TARGET_NAME)";
				SWIFT_EMIT_LOC_STRINGS = NO;
				SWIFT_VERSION = 5.0;
				TARGETED_DEVICE_FAMILY = "1,2";
				TEST_HOST = "$(BUILT_PRODUCTS_DIR)/Jenkins.app/Jenkins";
			};
			name = Release;
		};
		BCBB69D12796E79C0096E0A1 /* Debug */ = {
			isa = XCBuildConfiguration;
			buildSettings = {
				ALWAYS_EMBED_SWIFT_STANDARD_LIBRARIES = YES;
				CODE_SIGN_STYLE = Automatic;
				CURRENT_PROJECT_VERSION = 1;
				DEVELOPMENT_TEAM = N9LG8KMYS2;
				GENERATE_INFOPLIST_FILE = YES;
				MARKETING_VERSION = 1.0;
				PRODUCT_BUNDLE_IDENTIFIER = medievil.inc.JenkinsUITests;
				PRODUCT_NAME = "$(TARGET_NAME)";
				SWIFT_EMIT_LOC_STRINGS = NO;
				SWIFT_VERSION = 5.0;
				TARGETED_DEVICE_FAMILY = "1,2";
				TEST_TARGET_NAME = Jenkins;
			};
			name = Debug;
		};
		BCBB69D22796E79C0096E0A1 /* Release */ = {
			isa = XCBuildConfiguration;
			buildSettings = {
				ALWAYS_EMBED_SWIFT_STANDARD_LIBRARIES = YES;
				CODE_SIGN_STYLE = Automatic;
				CURRENT_PROJECT_VERSION = 1;
				DEVELOPMENT_TEAM = N9LG8KMYS2;
				GENERATE_INFOPLIST_FILE = YES;
				MARKETING_VERSION = 1.0;
				PRODUCT_BUNDLE_IDENTIFIER = medievil.inc.JenkinsUITests;
				PRODUCT_NAME = "$(TARGET_NAME)";
				SWIFT_EMIT_LOC_STRINGS = NO;
				SWIFT_VERSION = 5.0;
				TARGETED_DEVICE_FAMILY = "1,2";
				TEST_TARGET_NAME = Jenkins;
			};
			name = Release;
		};
/* End XCBuildConfiguration section */

/* Begin XCConfigurationList section */
		BCBB69A12796E79A0096E0A1 /* Build configuration list for PBXProject "Jenkins" */ = {
			isa = XCConfigurationList;
			buildConfigurations = (
				BCBB69C82796E79C0096E0A1 /* Debug */,
				BCBB69C92796E79C0096E0A1 /* Release */,
			);
			defaultConfigurationIsVisible = 0;
			defaultConfigurationName = Release;
		};
		BCBB69CA2796E79C0096E0A1 /* Build configuration list for PBXNativeTarget "Jenkins" */ = {
			isa = XCConfigurationList;
			buildConfigurations = (
				BCBB69CB2796E79C0096E0A1 /* Debug */,
				BCBB69CC2796E79C0096E0A1 /* Release */,
			);
			defaultConfigurationIsVisible = 0;
			defaultConfigurationName = Release;
		};
		BCBB69CD2796E79C0096E0A1 /* Build configuration list for PBXNativeTarget "JenkinsTests" */ = {
			isa = XCConfigurationList;
			buildConfigurations = (
				BCBB69CE2796E79C0096E0A1 /* Debug */,
				BCBB69CF2796E79C0096E0A1 /* Release */,
			);
			defaultConfigurationIsVisible = 0;
			defaultConfigurationName = Release;
		};
		BCBB69D02796E79C0096E0A1 /* Build configuration list for PBXNativeTarget "JenkinsUITests" */ = {
			isa = XCConfigurationList;
			buildConfigurations = (
				BCBB69D12796E79C0096E0A1 /* Debug */,
				BCBB69D22796E79C0096E0A1 /* Release */,
			);
			defaultConfigurationIsVisible = 0;
			defaultConfigurationName = Release;
		};
/* End XCConfigurationList section */
	};
	rootObject = BCBB699E2796E79A0096E0A1 /* Project object */;
}
